
Microsoft Visual Studio Solution File, Format Version 12.00
# Visual Studio 14
VisualStudioVersion = 14.0.23107.0
MinimumVisualStudioVersion = 10.0.40219.1
Project("{FAE04EC0-301F-11D3-BF4B-00C04F79EFBC}") = "CalorieTracker.Backend", "CalorieTracker.Backend\CalorieTracker.Backend.csproj", "{7C9C9E7A-137A-4127-A12C-4AB3CB479CD8}"
EndProject
Project("{FAE04EC0-301F-11D3-BF4B-00C04F79EFBC}") = "CalorieTracker.Backend.Tests", "CalorieTracker.Backend.Tests\CalorieTracker.Backend.Tests.csproj", "{4C91B9F2-C6D5-4F36-B717-54AF17C275B2}"
EndProject
Project("{FAE04EC0-301F-11D3-BF4B-00C04F79EFBC}") = "CalorieTracker.Web", "CalorieTracker.Web\CalorieTracker.Web.csproj", "{F1C67DA3-0BF2-44A9-B73F-F7F28104275F}"
EndProject
Global
	GlobalSection(SolutionConfigurationPlatforms) = preSolution
		Debug|Any CPU = Debug|Any CPU
		Release|Any CPU = Release|Any CPU
	EndGlobalSection
	GlobalSection(ProjectConfigurationPlatforms) = postSolution
		{7C9C9E7A-137A-4127-A12C-4AB3CB479CD8}.Debug|Any CPU.ActiveCfg = Debug|Any CPU
		{7C9C9E7A-137A-4127-A12C-4AB3CB479CD8}.Debug|Any CPU.Build.0 = Debug|Any CPU
		{7C9C9E7A-137A-4127-A12C-4AB3CB479CD8}.Release|Any CPU.ActiveCfg = Release|Any CPU
		{7C9C9E7A-137A-4127-A12C-4AB3CB479CD8}.Release|Any CPU.Build.0 = Release|Any CPU
		{4C91B9F2-C6D5-4F36-B717-54AF17C275B2}.Debug|Any CPU.ActiveCfg = Debug|Any CPU
		{4C91B9F2-C6D5-4F36-B717-54AF17C275B2}.Debug|Any CPU.Build.0 = Debug|Any CPU
		{4C91B9F2-C6D5-4F36-B717-54AF17C275B2}.Release|Any CPU.ActiveCfg = Release|Any CPU
		{4C91B9F2-C6D5-4F36-B717-54AF17C275B2}.Release|Any CPU.Build.0 = Release|Any CPU
		{F1C67DA3-0BF2-44A9-B73F-F7F28104275F}.Debug|Any CPU.ActiveCfg = Debug|Any CPU
		{F1C67DA3-0BF2-44A9-B73F-F7F28104275F}.Debug|Any CPU.Build.0 = Debug|Any CPU
		{F1C67DA3-0BF2-44A9-B73F-F7F28104275F}.Release|Any CPU.ActiveCfg = Release|Any CPU
		{F1C67DA3-0BF2-44A9-B73F-F7F28104275F}.Release|Any CPU.Build.0 = Release|Any CPU
	EndGlobalSection
	GlobalSection(SolutionProperties) = preSolution
		HideSolutionNode = FALSE
	EndGlobalSection
EndGlobal
